{
  "version": 4,
  "terraform_version": "1.13.4",
  "serial": 6,
  "lineage": "86a9d0d9-7240-2fd3-741f-0dd1742c41f6",
  "outputs": {
    "database_name": {
      "value": "scuzi_meals",
      "type": "string"
    },
    "database_username": {
      "value": "scuzi_admin",
      "type": "string",
      "sensitive": true
    },
    "secrets_manager_arn": {
      "value": "arn:aws:secretsmanager:us-east-1:639261426100:secret:scuzi-meals-db-credentials-0keK4j",
      "type": "string"
    }
  },
  "resources": [
    {
      "mode": "data",
      "type": "aws_subnets",
      "name": "default",
      "provider": "provider[\"registry.terraform.io/hashicorp/aws\"]",
      "instances": [
        {
          "schema_version": 0,
          "attributes": {
            "filter": [
              {
                "name": "vpc-id",
                "values": [
                  "vpc-00f34eb7675c7ea7c"
                ]
              }
            ],
            "id": "us-east-1",
            "ids": [
              "subnet-0e34026172d8bcadf",
              "subnet-0f6f0430891fee413",
              "subnet-0fe88abcca2a44d79",
              "subnet-0bf2f607a76fa8a1e",
              "subnet-04e56e7c731f79194",
              "subnet-02e4ac90281c10da6"
            ],
            "tags": null,
            "timeouts": null
          },
          "sensitive_attributes": [],
          "identity_schema_version": 0
        }
      ]
    },
    {
      "mode": "data",
      "type": "aws_vpc",
      "name": "default",
      "provider": "provider[\"registry.terraform.io/hashicorp/aws\"]",
      "instances": [
        {
          "schema_version": 0,
          "attributes": {
            "arn": "arn:aws:ec2:us-east-1:639261426100:vpc/vpc-00f34eb7675c7ea7c",
            "cidr_block": "172.31.0.0/16",
            "cidr_block_associations": [
              {
                "association_id": "vpc-cidr-assoc-05526e220910cce96",
                "cidr_block": "172.31.0.0/16",
                "state": "associated"
              }
            ],
            "default": true,
            "dhcp_options_id": "dopt-07340d48aa60c76a7",
            "enable_dns_hostnames": true,
            "enable_dns_support": true,
            "enable_network_address_usage_metrics": false,
            "filter": null,
            "id": "vpc-00f34eb7675c7ea7c",
            "instance_tenancy": "default",
            "ipv6_association_id": "",
            "ipv6_cidr_block": "",
            "main_route_table_id": "rtb-098231191cbe67a71",
            "owner_id": "639261426100",
            "state": null,
            "tags": {},
            "timeouts": null
          },
          "sensitive_attributes": [],
          "identity_schema_version": 0
        }
      ]
    },
    {
      "mode": "managed",
      "type": "aws_db_subnet_group",
      "name": "scuzi_meals_subnet_group",
      "provider": "provider[\"registry.terraform.io/hashicorp/aws\"]",
      "instances": [
        {
          "schema_version": 0,
          "attributes": {
            "arn": "arn:aws:rds:us-east-1:639261426100:subgrp:scuzi-meals-subnet-group",
            "description": "Managed by Terraform",
            "id": "scuzi-meals-subnet-group",
            "name": "scuzi-meals-subnet-group",
            "name_prefix": "",
            "subnet_ids": [
              "subnet-02e4ac90281c10da6",
              "subnet-04e56e7c731f79194",
              "subnet-0bf2f607a76fa8a1e",
              "subnet-0e34026172d8bcadf",
              "subnet-0f6f0430891fee413",
              "subnet-0fe88abcca2a44d79"
            ],
            "supported_network_types": [
              "IPV4"
            ],
            "tags": {
              "Name": "Scuzi Meals DB subnet group"
            },
            "tags_all": {
              "Name": "Scuzi Meals DB subnet group"
            },
            "vpc_id": "vpc-00f34eb7675c7ea7c"
          },
          "sensitive_attributes": [],
          "identity_schema_version": 0,
          "private": "bnVsbA==",
          "dependencies": [
            "data.aws_subnets.default",
            "data.aws_vpc.default"
          ]
        }
      ]
    },
    {
      "mode": "managed",
      "type": "aws_secretsmanager_secret",
      "name": "scuzi_meals_db_credentials",
      "provider": "provider[\"registry.terraform.io/hashicorp/aws\"]",
      "instances": [
        {
          "schema_version": 0,
          "attributes": {
            "arn": "arn:aws:secretsmanager:us-east-1:639261426100:secret:scuzi-meals-db-credentials-0keK4j",
            "description": "Database credentials for Scuzi Meals RDS instance",
            "force_overwrite_replica_secret": false,
            "id": "arn:aws:secretsmanager:us-east-1:639261426100:secret:scuzi-meals-db-credentials-0keK4j",
            "kms_key_id": "",
            "name": "scuzi-meals-db-credentials",
            "name_prefix": "",
            "policy": "",
            "recovery_window_in_days": 30,
            "replica": [],
            "tags": null,
            "tags_all": {}
          },
          "sensitive_attributes": [],
          "identity_schema_version": 0,
          "private": "bnVsbA=="
        }
      ]
    },
    {
      "mode": "managed",
      "type": "aws_security_group",
      "name": "scuzi_meals_rds_sg",
      "provider": "provider[\"registry.terraform.io/hashicorp/aws\"]",
      "instances": [
        {
          "schema_version": 1,
          "attributes": {
            "arn": "arn:aws:ec2:us-east-1:639261426100:security-group/sg-0e39b46b684614c3f",
            "description": "Managed by Terraform",
            "egress": [
              {
                "cidr_blocks": [
                  "0.0.0.0/0"
                ],
                "description": "",
                "from_port": 0,
                "ipv6_cidr_blocks": [],
                "prefix_list_ids": [],
                "protocol": "-1",
                "security_groups": [],
                "self": false,
                "to_port": 0
              }
            ],
            "id": "sg-0e39b46b684614c3f",
            "ingress": [
              {
                "cidr_blocks": [
                  "0.0.0.0/0"
                ],
                "description": "",
                "from_port": 3306,
                "ipv6_cidr_blocks": [],
                "prefix_list_ids": [],
                "protocol": "tcp",
                "security_groups": [],
                "self": false,
                "to_port": 3306
              }
            ],
            "name": "scuzi-meals-rds-20251020181746976900000002",
            "name_prefix": "scuzi-meals-rds-",
            "owner_id": "639261426100",
            "revoke_rules_on_delete": false,
            "tags": {
              "Name": "scuzi-meals-rds-security-group"
            },
            "tags_all": {
              "Name": "scuzi-meals-rds-security-group"
            },
            "timeouts": null,
            "vpc_id": "vpc-00f34eb7675c7ea7c"
          },
          "sensitive_attributes": [],
          "identity_schema_version": 0,
          "private": "eyJlMmJmYjczMC1lY2FhLTExZTYtOGY4OC0zNDM2M2JjN2M0YzAiOnsiY3JlYXRlIjo2MDAwMDAwMDAwMDAsImRlbGV0ZSI6OTAwMDAwMDAwMDAwfSwic2NoZW1hX3ZlcnNpb24iOiIxIn0=",
          "dependencies": [
            "data.aws_vpc.default"
          ]
        }
      ]
    },
    {
      "mode": "managed",
      "type": "random_password",
      "name": "scuzi_meals_db_password",
      "provider": "provider[\"registry.terraform.io/hashicorp/random\"]",
      "instances": [
        {
          "schema_version": 3,
          "attributes": {
            "bcrypt_hash": "$2a$10$gdUvLFhIM1fCccLuus1rMe1GOTvIjCwTyZt81mKVm0qwX5YKtvu/q",
            "id": "none",
            "keepers": null,
            "length": 16,
            "lower": true,
            "min_lower": 0,
            "min_numeric": 0,
            "min_special": 0,
            "min_upper": 0,
            "number": true,
            "numeric": true,
            "override_special": null,
            "result": "{?#x[\u003em]HJ3+2y%X",
            "special": true,
            "upper": true
          },
          "sensitive_attributes": [
            [
              {
                "type": "get_attr",
                "value": "bcrypt_hash"
              }
            ],
            [
              {
                "type": "get_attr",
                "value": "result"
              }
            ]
          ],
          "identity_schema_version": 0
        }
      ]
    }
  ],
  "check_results": null
}
